
Microsoft Visual Studio Solution File, Format Version 12.00
# Visual Studio Version 17
VisualStudioVersion = 17.11.35327.3
MinimumVisualStudioVersion = 10.0.40219.1
Project("{FAE04EC0-301F-11D3-BF4B-00C04F79EFBC}") = "GuzellikSalonuRandevuSistemi", "GuzellikSalonuRandevuSistemi\GuzellikSalonuRandevuSistemi.csproj", "{AE75298E-AA18-464C-9EB2-8AF5EE3A3803}"
EndProject
Global
	GlobalSection(SolutionConfigurationPlatforms) = preSolution
		Debug|Any CPU = Debug|Any CPU
		Release|Any CPU = Release|Any CPU
	EndGlobalSection
	GlobalSection(ProjectConfigurationPlatforms) = postSolution
		{AE75298E-AA18-464C-9EB2-8AF5EE3A3803}.Debug|Any CPU.ActiveCfg = Debug|Any CPU
		{AE75298E-AA18-464C-9EB2-8AF5EE3A3803}.Debug|Any CPU.Build.0 = Debug|Any CPU
		{AE75298E-AA18-464C-9EB2-8AF5EE3A3803}.Release|Any CPU.ActiveCfg = Release|Any CPU
		{AE75298E-AA18-464C-9EB2-8AF5EE3A3803}.Release|Any CPU.Build.0 = Release|Any CPU
	EndGlobalSection
	GlobalSection(SolutionProperties) = preSolution
		HideSolutionNode = FALSE
	EndGlobalSection
	GlobalSection(ExtensibilityGlobals) = postSolution
		SolutionGuid = {AAC84907-62B5-4A0F-BD8A-A326B194B603}
	EndGlobalSection
EndGlobal
